// !$*UTF8*$!
{
	archiveVersion = 1;
	classes = {
	};
	objectVersion = 48;
	objects = {

/* Begin PBXBuildFile section */
		6B15C69F20BC522A0032D040 /* AppDelegate.swift in Sources */ = {isa = PBXBuildFile; fileRef = 6B15C69E20BC522A0032D040 /* AppDelegate.swift */; };
		6B15C6A120BC522A0032D040 /* ViewController.swift in Sources */ = {isa = PBXBuildFile; fileRef = 6B15C6A020BC522A0032D040 /* ViewController.swift */; };
		6B15C6A420BC522A0032D040 /* Main.storyboard in Resources */ = {isa = PBXBuildFile; fileRef = 6B15C6A220BC522A0032D040 /* Main.storyboard */; };
		6B15C6A620BC522A0032D040 /* Assets.xcassets in Resources */ = {isa = PBXBuildFile; fileRef = 6B15C6A520BC522A0032D040 /* Assets.xcassets */; };
		6B15C6A920BC522A0032D040 /* LaunchScreen.storyboard in Resources */ = {isa = PBXBuildFile; fileRef = 6B15C6A720BC522A0032D040 /* LaunchScreen.storyboard */; };
		6BA2FC7520C2ED5D00D4DF3C /* FlipClockView.swift in Sources */ = {isa = PBXBuildFile; fileRef = 6BA2FC7420C2ED5D00D4DF3C /* FlipClockView.swift */; };
		6BA2FC7720C2EF7800D4DF3C /* FlipClockItem.swift in Sources */ = {isa = PBXBuildFile; fileRef = 6BA2FC7620C2EF7800D4DF3C /* FlipClockItem.swift */; };
		6BA2FC7920C304F200D4DF3C /* FlipClockLabel.swift in Sources */ = {isa = PBXBuildFile; fileRef = 6BA2FC7820C304F200D4DF3C /* FlipClockLabel.swift */; };
/* End PBXBuildFile section */

/* Begin PBXFileReference section */
		6B15C69B20BC522A0032D040 /* FlipClock.app */ = {isa = PBXFileReference; explicitFileType = wrapper.application; includeInIndex = 0; path = FlipClock.app; sourceTree = BUILT_PRODUCTS_DIR; };
		6B15C69E20BC522A0032D040 /* AppDelegate.swift */ = {isa = PBXFileReference; lastKnownFileType = sourcecode.swift; path = AppDelegate.swift; sourceTree = "<group>"; };
		6B15C6A020BC522A0032D040 /* ViewController.swift */ = {isa = PBXFileReference; lastKnownFileType = sourcecode.swift; path = ViewController.swift; sourceTree = "<group>"; };
		6B15C6A320BC522A0032D040 /* Base */ = {isa = PBXFileReference; lastKnownFileType = file.storyboard; name = Base; path = Base.lproj/Main.storyboard; sourceTree = "<group>"; };
		6B15C6A520BC522A0032D040 /* Assets.xcassets */ = {isa = PBXFileReference; lastKnownFileType = folder.assetcatalog; path = Assets.xcassets; sourceTree = "<group>"; };
		6B15C6A820BC522A0032D040 /* Base */ = {isa = PBXFileReference; lastKnownFileType = file.storyboard; name = Base; path = Base.lproj/LaunchScreen.storyboard; sourceTree = "<group>"; };
		6B15C6AA20BC522A0032D040 /* Info.plist */ = {isa = PBXFileReference; lastKnownFileType = text.plist.xml; path = Info.plist; sourceTree = "<group>"; };
		6BA2FC7420C2ED5D00D4DF3C /* FlipClockView.swift */ = {isa = PBXFileReference; fileEncoding = 4; lastKnownFileType = sourcecode.swift; path = FlipClockView.swift; sourceTree = "<group>"; };
		6BA2FC7620C2EF7800D4DF3C /* FlipClockItem.swift */ = {isa = PBXFileReference; lastKnownFileType = sourcecode.swift; path = FlipClockItem.swift; sourceTree = "<group>"; };
		6BA2FC7820C304F200D4DF3C /* FlipClockLabel.swift */ = {isa = PBXFileReference; lastKnownFileType = sourcecode.swift; path = FlipClockLabel.swift; sourceTree = "<group>"; };
/* End PBXFileReference section */

/* Begin PBXFrameworksBuildPhase section */
		6B15C69820BC522A0032D040 /* Frameworks */ = {
			isa = PBXFrameworksBuildPhase;
			buildActionMask = 2147483647;
			files = (
			);
			runOnlyForDeploymentPostprocessing = 0;
		};
/* End PBXFrameworksBuildPhase section */

/* Begin PBXGroup section */
		6B15C69220BC522A0032D040 = {
			isa = PBXGroup;
			children = (
				6B15C69D20BC522A0032D040 /* FlipClock */,
				6B15C69C20BC522A0032D040 /* Products */,
			);
			sourceTree = "<group>";
		};
		6B15C69C20BC522A0032D040 /* Products */ = {
			isa = PBXGroup;
			children = (
				6B15C69B20BC522A0032D040 /* FlipClock.app */,
			);
			name = Products;
			sourceTree = "<group>";
		};
		6B15C69D20BC522A0032D040 /* FlipClock */ = {
			isa = PBXGroup;
			children = (
				6BA2FC7320C2ED5D00D4DF3C /* FlipClockView */,
				6B15C69E20BC522A0032D040 /* AppDelegate.swift */,
				6B15C6A020BC522A0032D040 /* ViewController.swift */,
				6B15C6A220BC522A0032D040 /* Main.storyboard */,
				6B15C6A520BC522A0032D040 /* Assets.xcassets */,
				6B15C6A720BC522A0032D040 /* LaunchScreen.storyboard */,
				6B15C6AA20BC522A0032D040 /* Info.plist */,
			);
			path = FlipClock;
			sourceTree = "<group>";
		};
		6BA2FC7320C2ED5D00D4DF3C /* FlipClockView */ = {
			isa = PBXGroup;
			children = (
				6BA2FC7420C2ED5D00D4DF3C /* FlipClockView.swift */,
				6BA2FC7620C2EF7800D4DF3C /* FlipClockItem.swift */,
				6BA2FC7820C304F200D4DF3C /* FlipClockLabel.swift */,
			);
			name = FlipClockView;
			path = ../../FlipClockView;
			sourceTree = "<group>";
		};
/* End PBXGroup section */

/* Begin PBXNativeTarget section */
		6B15C69A20BC522A0032D040 /* FlipClock */ = {
			isa = PBXNativeTarget;
			buildConfigurationList = 6B15C6AD20BC522A0032D040 /* Build configuration list for PBXNativeTarget "FlipClock" */;
			buildPhases = (
				6B15C69720BC522A0032D040 /* Sources */,
				6B15C69820BC522A0032D040 /* Frameworks */,
				6B15C69920BC522A0032D040 /* Resources */,
			);
			buildRules = (
			);
			dependencies = (
			);
			name = FlipClock;
			productName = FlipClock;
			productReference = 6B15C69B20BC522A0032D040 /* FlipClock.app */;
			productType = "com.apple.product-type.application";
		};
/* End PBXNativeTarget section */

/* Begin PBXProject section */
		6B15C69320BC522A0032D040 /* Project object */ = {
			isa = PBXProject;
			attributes = {
				LastSwiftUpdateCheck = 0920;
				LastUpgradeCheck = 0920;
				ORGANIZATIONNAME = LC;
				TargetAttributes = {
					6B15C69A20BC522A0032D040 = {
						CreatedOnToolsVersion = 9.2;
						ProvisioningStyle = Automatic;
					};
				};
			};
			buildConfigurationList = 6B15C69620BC522A0032D040 /* Build configuration list for PBXProject "FlipClock" */;
			compatibilityVersion = "Xcode 8.0";
			developmentRegion = en;
			hasScannedForEncodings = 0;
			knownRegions = (
				en,
				Base,
			);
			mainGroup = 6B15C69220BC522A0032D040;
			productRefGroup = 6B15C69C20BC522A0032D040 /* Products */;
			projectDirPath = "";
			projectRoot = "";
			targets = (
				6B15C69A20BC522A0032D040 /* FlipClock */,
			);
		};
/* End PBXProject section */

/* Begin PBXResourcesBuildPhase section */
		6B15C69920BC522A0032D040 /* Resources */ = {
			isa = PBXResourcesBuildPhase;
			buildActionMask = 2147483647;
			files = (
				6B15C6A920BC522A0032D040 /* LaunchScreen.storyboard in Resources */,
				6B15C6A620BC522A0032D040 /* Assets.xcassets in Resources */,
				6B15C6A420BC522A0032D040 /* Main.storyboard in Resources */,
			);
			runOnlyForDeploymentPostprocessing = 0;
		};
/* End PBXResourcesBuildPhase section */

/* Begin PBXSourcesBuildPhase section */
		6B15C69720BC522A0032D040 /* Sources */ = {
			isa = PBXSourcesBuildPhase;
			buildActionMask = 2147483647;
			files = (
				6BA2FC7720C2EF7800D4DF3C /* FlipClockItem.swift in Sources */,
				6BA2FC7520C2ED5D00D4DF3C /* FlipClockView.swift in Sources */,
				6BA2FC7920C304F200D4DF3C /* FlipClockLabel.swift in Sources */,
				6B15C6A120BC522A0032D040 /* ViewController.swift in Sources */,
				6B15C69F20BC522A0032D040 /* AppDelegate.swift in Sources */,
			);
			runOnlyForDeploymentPostprocessing = 0;
		};
/* End PBXSourcesBuildPhase section */

/* Begin PBXVariantGroup section */
		6B15C6A220BC522A0032D040 /* Main.storyboard */ = {
			isa = PBXVariantGroup;
			children = (
				6B15C6A320BC522A0032D040 /* Base */,
			);
			name = Main.storyboard;
			sourceTree = "<group>";
		};
		6B15C6A720BC522A0032D040 /* LaunchScreen.storyboard */ = {
			isa = PBXVariantGroup;
			children = (
				6B15C6A820BC522A0032D040 /* Base */,
			);
			name = LaunchScreen.storyboard;
			sourceTree = "<group>";
		};
/* End PBXVariantGroup section */

/* Begin XCBuildConfiguration section */
		6B15C6AB20BC522A0032D040 /* Debug */ = {
			isa = XCBuildConfiguration;
			buildSettings = {
				ALWAYS_SEARCH_USER_PATHS = NO;
				CLANG_ANALYZER_NONNULL = YES;
				CLANG_ANALYZER_NUMBER_OBJECT_CONVERSION = YES_AGGRESSIVE;
				CLANG_CXX_LANGUAGE_STANDARD = "gnu++14";
				CLANG_CXX_LIBRARY = "libc++";
				CLANG_ENABLE_MODULES = YES;
				CLANG_ENABLE_OBJC_ARC = YES;
				CLANG_WARN_BLOCK_CAPTURE_AUTORELEASING = YES;
				CLANG_WARN_BOOL_CONVERSION = YES;
				CLANG_WARN_COMMA = YES;
				CLANG_WARN_CONSTANT_CONVERSION = YES;
				CLANG_WARN_DIRECT_OBJC_ISA_USAGE = YES_ERROR;
				CLANG_WARN_DOCUMENTATION_COMMENTS = YES;
				CLANG_WARN_EMPTY_BODY = YES;
				CLANG_WARN_ENUM_CONVERSION = YES;
				CLANG_WARN_INFINITE_RECURSION = YES;
				CLANG_WARN_INT_CONVERSION = YES;
				CLANG_WARN_NON_LITERAL_NULL_CONVERSION = YES;
				CLANG_WARN_OBJC_LITERAL_CONVERSION = YES;
				CLANG_WARN_OBJC_ROOT_CLASS = YES_ERROR;
				CLANG_WARN_RANGE_LOOP_ANALYSIS = YES;
				CLANG_WARN_STRICT_PROTOTYPES = YES;
				CLANG_WARN_SUSPICIOUS_MOVE = YES;
				CLANG_WARN_UNGUARDED_AVAILABILITY = YES_AGGRESSIVE;
				CLANG_WARN_UNREACHABLE_CODE = YES;
				CLANG_WARN__DUPLICATE_METHOD_MATCH = YES;
				CODE_SIGN_IDENTITY = "iPhone Developer";
				COPY_PHASE_STRIP = NO;
				DEBUG_INFORMATION_FORMAT = dwarf;
				ENABLE_STRICT_OBJC_MSGSEND = YES;
				ENABLE_TESTABILITY = YES;
				GCC_C_LANGUAGE_STANDARD = gnu11;
				GCC_DYNAMIC_NO_PIC = NO;
				GCC_NO_COMMON_BLOCKS = YES;
				GCC_OPTIMIZATION_LEVEL = 0;
				GCC_PREPROCESSOR_DEFINITIONS = (
					"DEBUG=1",
					"$(inherited)",
				);
				GCC_WARN_64_TO_32_BIT_CONVERSION = YES;
				GCC_WARN_ABOUT_RETURN_TYPE = YES_ERROR;
				GCC_WARN_UNDECLARED_SELECTOR = YES;
				GCC_WARN_UNINITIALIZED_AUTOS = YES_AGGRESSIVE;
				GCC_WARN_UNUSED_FUNCTION = YES;
				GCC_WARN_UNUSED_VARIABLE = YES;
				IPHONEOS_DEPLOYMENT_TARGET = 11.2;
				MTL_ENABLE_DEBUG_INFO = YES;
				ONLY_ACTIVE_ARCH = YES;
				SDKROOT = iphoneos;
				SWIFT_ACTIVE_COMPILATION_CONDITIONS = DEBUG;
				SWIFT_OPTIMIZATION_LEVEL = "-Onone";
			};
			name = Debug;
		};
		6B15C6AC20BC522A0032D040 /* Release */ = {
			isa = XCBuildConfiguration;
			buildSettings = {
				ALWAYS_SEARCH_USER_PATHS = NO;
				CLANG_ANALYZER_NONNULL = YES;
				CLANG_ANALYZER_NUMBER_OBJECT_CONVERSION = YES_AGGRESSIVE;
				CLANG_CXX_LANGUAGE_STANDARD = "gnu++14";
				CLANG_CXX_LIBRARY = "libc++";
				CLANG_ENABLE_MODULES = YES;
				CLANG_ENABLE_OBJC_ARC = YES;
				CLANG_WARN_BLOCK_CAPTURE_AUTORELEASING = YES;
				CLANG_WARN_BOOL_CONVERSION = YES;
				CLANG_WARN_COMMA = YES;
				CLANG_WARN_CONSTANT_CONVERSION = YES;
				CLANG_WARN_DIRECT_OBJC_ISA_USAGE = YES_ERROR;
				CLANG_WARN_DOCUMENTATION_COMMENTS = YES;
				CLANG_WARN_EMPTY_BODY = YES;
				CLANG_WARN_ENUM_CONVERSION = YES;
				CLANG_WARN_INFINITE_RECURSION = YES;
				CLANG_WARN_INT_CONVERSION = YES;
				CLANG_WARN_NON_LITERAL_NULL_CONVERSION = YES;
				CLANG_WARN_OBJC_LITERAL_CONVERSION = YES;
				CLANG_WARN_OBJC_ROOT_CLASS = YES_ERROR;
				CLANG_WARN_RANGE_LOOP_ANALYSIS = YES;
				CLANG_WARN_STRICT_PROTOTYPES = YES;
				CLANG_WARN_SUSPICIOUS_MOVE = YES;
				CLANG_WARN_UNGUARDED_AVAILABILITY = YES_AGGRESSIVE;
				CLANG_WARN_UNREACHABLE_CODE = YES;
				CLANG_WARN__DUPLICATE_METHOD_MATCH = YES;
				CODE_SIGN_IDENTITY = "iPhone Developer";
				COPY_PHASE_STRIP = NO;
				DEBUG_INFORMATION_FORMAT = "dwarf-with-dsym";
				ENABLE_NS_ASSERTIONS = NO;
				ENABLE_STRICT_OBJC_MSGSEND = YES;
				GCC_C_LANGUAGE_STANDARD = gnu11;
				GCC_NO_COMMON_BLOCKS = YES;
				GCC_WARN_64_TO_32_BIT_CONVERSION = YES;
				GCC_WARN_ABOUT_RETURN_TYPE = YES_ERROR;
				GCC_WARN_UNDECLARED_SELECTOR = YES;
				GCC_WARN_UNINITIALIZED_AUTOS = YES_AGGRESSIVE;
				GCC_WARN_UNUSED_FUNCTION = YES;
				GCC_WARN_UNUSED_VARIABLE = YES;
				IPHONEOS_DEPLOYMENT_TARGET = 11.2;
				MTL_ENABLE_DEBUG_INFO = NO;
				SDKROOT = iphoneos;
				SWIFT_OPTIMIZATION_LEVEL = "-Owholemodule";
				VALIDATE_PRODUCT = YES;
			};
			name = Release;
		};
		6B15C6AE20BC522A0032D040 /* Debug */ = {
			isa = XCBuildConfiguration;
			buildSettings = {
				ASSETCATALOG_COMPILER_APPICON_NAME = AppIcon;
				CODE_SIGN_STYLE = Automatic;
				INFOPLIST_FILE = FlipClock/Info.plist;
				LD_RUNPATH_SEARCH_PATHS = "$(inherited) @executable_path/Frameworks";
				PRODUCT_BUNDLE_IDENTIFIER = com.LC.FlipClock;
				PRODUCT_NAME = "$(TARGET_NAME)";
				SWIFT_VERSION = 4.0;
				TARGETED_DEVICE_FAMILY = "1,2";
			};
			name = Debug;
		};
		6B15C6AF20BC522A0032D040 /* Release */ = {
			isa = XCBuildConfiguration;
			buildSettings = {
				ASSETCATALOG_COMPILER_APPICON_NAME = AppIcon;
				CODE_SIGN_STYLE = Automatic;
				INFOPLIST_FILE = FlipClock/Info.plist;
				LD_RUNPATH_SEARCH_PATHS = "$(inherited) @executable_path/Frameworks";
				PRODUCT_BUNDLE_IDENTIFIER = com.LC.FlipClock;
				PRODUCT_NAME = "$(TARGET_NAME)";
				SWIFT_VERSION = 4.0;
				TARGETED_DEVICE_FAMILY = "1,2";
			};
			name = Release;
		};
/* End XCBuildConfiguration section */

/* Begin XCConfigurationList section */
		6B15C69620BC522A0032D040 /* Build configuration list for PBXProject "FlipClock" */ = {
			isa = XCConfigurationList;
			buildConfigurations = (
				6B15C6AB20BC522A0032D040 /* Debug */,
				6B15C6AC20BC522A0032D040 /* Release */,
			);
			defaultConfigurationIsVisible = 0;
			defaultConfigurationName = Release;
		};
		6B15C6AD20BC522A0032D040 /* Build configuration list for PBXNativeTarget "FlipClock" */ = {
			isa = XCConfigurationList;
			buildConfigurations = (
				6B15C6AE20BC522A0032D040 /* Debug */,
				6B15C6AF20BC522A0032D040 /* Release */,
			);
			defaultConfigurationIsVisible = 0;
			defaultConfigurationName = Release;
		};
/* End XCConfigurationList section */
	};
	rootObject = 6B15C69320BC522A0032D040 /* Project object */;
}
