// !$*UTF8*$!
{
	archiveVersion = 1;
	classes = {
	};
	objectVersion = 48;
	objects = {

/* Begin PBXBuildFile section */
		6B15C69F20BC522A0032D040 /* AppDelegate.swift in Sources */ = {isa = PBXBuildFile; fileRef = 6B15C69E20BC522A0032D040 /* AppDelegate.swift */; };
		6B15C6A120BC522A0032D040 /* ViewController.swift in Sources */ = {isa = PBXBuildFile; fileRef = 6B15C6A020BC522A0032D040 /* ViewController.swift */; };
		6B15C6A420BC522A0032D040 /* Main.storyboard in Resources */ = {isa = PBXBuildFile; fileRef = 6B15C6A220BC522A0032D040 /* Main.storyboard */; };
		6B15C6A620BC522A0032D040 /* Assets.xcassets in Resources */ = {isa = PBXBuildFile; fileRef = 6B15C6A520BC522A0032D040 /* Assets.xcassets */; };
		6B15C6A920BC522A0032D040 /* LaunchScreen.storyboard in Resources */ = {isa = PBXBuildFile; fileRef = 6B15C6A720BC522A0032D040 /* LaunchScreen.storyboard */; };
		6BE4F0EA2598883A00EDDAF7 /* SoundManager.swift in Sources */ = {isa = PBXBuildFile; fileRef = 6BE4F0C62598883A00EDDAF7 /* SoundManager.swift */; };
		6BE4F0EB2598883A00EDDAF7 /* Common.swift in Sources */ = {isa = PBXBuildFile; fileRef = 6BE4F0C72598883A00EDDAF7 /* Common.swift */; };
		6BE4F0EC2598883A00EDDAF7 /* SecToneTableVC.storyboard in Resources */ = {isa = PBXBuildFile; fileRef = 6BE4F0C92598883A00EDDAF7 /* SecToneTableVC.storyboard */; };
		6BE4F0ED2598883A00EDDAF7 /* DisplaySettingsTableVC.storyboard in Resources */ = {isa = PBXBuildFile; fileRef = 6BE4F0CA2598883A00EDDAF7 /* DisplaySettingsTableVC.storyboard */; };
		6BE4F0EE2598883A00EDDAF7 /* SecToneTableVC.swift in Sources */ = {isa = PBXBuildFile; fileRef = 6BE4F0CB2598883A00EDDAF7 /* SecToneTableVC.swift */; };
		6BE4F0EF2598883A00EDDAF7 /* SecToneTableViewCell.swift in Sources */ = {isa = PBXBuildFile; fileRef = 6BE4F0CC2598883A00EDDAF7 /* SecToneTableViewCell.swift */; };
		6BE4F0F02598883A00EDDAF7 /* DisplaySettingsTableVC.swift in Sources */ = {isa = PBXBuildFile; fileRef = 6BE4F0CD2598883A00EDDAF7 /* DisplaySettingsTableVC.swift */; };
		6BE4F0F22598883A00EDDAF7 /* SettingController.storyboard in Resources */ = {isa = PBXBuildFile; fileRef = 6BE4F0CF2598883A00EDDAF7 /* SettingController.storyboard */; };
		6BE4F0F42598883A00EDDAF7 /* SettingController.swift in Sources */ = {isa = PBXBuildFile; fileRef = 6BE4F0D12598883A00EDDAF7 /* SettingController.swift */; };
		6BE4F0F52598883A00EDDAF7 /* AppData.swift in Sources */ = {isa = PBXBuildFile; fileRef = 6BE4F0D32598883A00EDDAF7 /* AppData.swift */; };
		6BE4F0F62598883A00EDDAF7 /* FlipClockItem.swift in Sources */ = {isa = PBXBuildFile; fileRef = 6BE4F0D52598883A00EDDAF7 /* FlipClockItem.swift */; };
		6BE4F0F72598883A00EDDAF7 /* ClockSecondSwitch.swift in Sources */ = {isa = PBXBuildFile; fileRef = 6BE4F0D62598883A00EDDAF7 /* ClockSecondSwitch.swift */; };
		6BE4F0F82598883A00EDDAF7 /* BottomToolbarView.swift in Sources */ = {isa = PBXBuildFile; fileRef = 6BE4F0D72598883A00EDDAF7 /* BottomToolbarView.swift */; };
		6BE4F0F92598883A00EDDAF7 /* FlipClockView.swift in Sources */ = {isa = PBXBuildFile; fileRef = 6BE4F0D82598883A00EDDAF7 /* FlipClockView.swift */; };
		6BE4F0FA2598883A00EDDAF7 /* Localizable.strings in Resources */ = {isa = PBXBuildFile; fileRef = 6BE4F0DA2598883A00EDDAF7 /* Localizable.strings */; };
		6BE4F0FB2598883A00EDDAF7 /* LightTheme.swift in Sources */ = {isa = PBXBuildFile; fileRef = 6BE4F0DE2598883A00EDDAF7 /* LightTheme.swift */; };
		6BE4F0FC2598883A00EDDAF7 /* ThemeType.swift in Sources */ = {isa = PBXBuildFile; fileRef = 6BE4F0DF2598883A00EDDAF7 /* ThemeType.swift */; };
		6BE4F0FD2598883A00EDDAF7 /* ThemeManager.swift in Sources */ = {isa = PBXBuildFile; fileRef = 6BE4F0E02598883A00EDDAF7 /* ThemeManager.swift */; };
		6BE4F0FE2598883A00EDDAF7 /* ThemeManagerProtocol.swift in Sources */ = {isa = PBXBuildFile; fileRef = 6BE4F0E12598883A00EDDAF7 /* ThemeManagerProtocol.swift */; };
		6BE4F0FF2598883A00EDDAF7 /* ThemeProtocol.swift in Sources */ = {isa = PBXBuildFile; fileRef = 6BE4F0E22598883A00EDDAF7 /* ThemeProtocol.swift */; };
		6BE4F1002598883A00EDDAF7 /* DarkTheme.swift in Sources */ = {isa = PBXBuildFile; fileRef = 6BE4F0E32598883A00EDDAF7 /* DarkTheme.swift */; };
		6BE4F1012598883A00EDDAF7 /* FlipClockLabel.swift in Sources */ = {isa = PBXBuildFile; fileRef = 6BE4F0E42598883A00EDDAF7 /* FlipClockLabel.swift */; };
		6BE4F1022598883A00EDDAF7 /* pointer.wav in Resources */ = {isa = PBXBuildFile; fileRef = 6BE4F0E62598883A00EDDAF7 /* pointer.wav */; };
		6BE4F1032598883A00EDDAF7 /* dida.wav in Resources */ = {isa = PBXBuildFile; fileRef = 6BE4F0E72598883A00EDDAF7 /* dida.wav */; };
		6BE4F1042598883A00EDDAF7 /* flip.wav in Resources */ = {isa = PBXBuildFile; fileRef = 6BE4F0E82598883A00EDDAF7 /* flip.wav */; };
		6BE4F1052598883A00EDDAF7 /* digit.wav in Resources */ = {isa = PBXBuildFile; fileRef = 6BE4F0E92598883A00EDDAF7 /* digit.wav */; };
/* End PBXBuildFile section */

/* Begin PBXFileReference section */
		6B15C69B20BC522A0032D040 /* FlipClock.app */ = {isa = PBXFileReference; explicitFileType = wrapper.application; includeInIndex = 0; path = FlipClock.app; sourceTree = BUILT_PRODUCTS_DIR; };
		6B15C69E20BC522A0032D040 /* AppDelegate.swift */ = {isa = PBXFileReference; lastKnownFileType = sourcecode.swift; path = AppDelegate.swift; sourceTree = "<group>"; };
		6B15C6A020BC522A0032D040 /* ViewController.swift */ = {isa = PBXFileReference; lastKnownFileType = sourcecode.swift; path = ViewController.swift; sourceTree = "<group>"; };
		6B15C6A320BC522A0032D040 /* Base */ = {isa = PBXFileReference; lastKnownFileType = file.storyboard; name = Base; path = Base.lproj/Main.storyboard; sourceTree = "<group>"; };
		6B15C6A520BC522A0032D040 /* Assets.xcassets */ = {isa = PBXFileReference; lastKnownFileType = folder.assetcatalog; path = Assets.xcassets; sourceTree = "<group>"; };
		6B15C6A820BC522A0032D040 /* Base */ = {isa = PBXFileReference; lastKnownFileType = file.storyboard; name = Base; path = Base.lproj/LaunchScreen.storyboard; sourceTree = "<group>"; };
		6B15C6AA20BC522A0032D040 /* Info.plist */ = {isa = PBXFileReference; lastKnownFileType = text.plist.xml; path = Info.plist; sourceTree = "<group>"; };
		6BE4F0C62598883A00EDDAF7 /* SoundManager.swift */ = {isa = PBXFileReference; fileEncoding = 4; lastKnownFileType = sourcecode.swift; path = SoundManager.swift; sourceTree = "<group>"; };
		6BE4F0C72598883A00EDDAF7 /* Common.swift */ = {isa = PBXFileReference; fileEncoding = 4; lastKnownFileType = sourcecode.swift; path = Common.swift; sourceTree = "<group>"; };
		6BE4F0C92598883A00EDDAF7 /* SecToneTableVC.storyboard */ = {isa = PBXFileReference; fileEncoding = 4; lastKnownFileType = file.storyboard; path = SecToneTableVC.storyboard; sourceTree = "<group>"; };
		6BE4F0CA2598883A00EDDAF7 /* DisplaySettingsTableVC.storyboard */ = {isa = PBXFileReference; fileEncoding = 4; lastKnownFileType = file.storyboard; path = DisplaySettingsTableVC.storyboard; sourceTree = "<group>"; };
		6BE4F0CB2598883A00EDDAF7 /* SecToneTableVC.swift */ = {isa = PBXFileReference; fileEncoding = 4; lastKnownFileType = sourcecode.swift; path = SecToneTableVC.swift; sourceTree = "<group>"; };
		6BE4F0CC2598883A00EDDAF7 /* SecToneTableViewCell.swift */ = {isa = PBXFileReference; fileEncoding = 4; lastKnownFileType = sourcecode.swift; path = SecToneTableViewCell.swift; sourceTree = "<group>"; };
		6BE4F0CD2598883A00EDDAF7 /* DisplaySettingsTableVC.swift */ = {isa = PBXFileReference; fileEncoding = 4; lastKnownFileType = sourcecode.swift; path = DisplaySettingsTableVC.swift; sourceTree = "<group>"; };
		6BE4F0CF2598883A00EDDAF7 /* SettingController.storyboard */ = {isa = PBXFileReference; fileEncoding = 4; lastKnownFileType = file.storyboard; path = SettingController.storyboard; sourceTree = "<group>"; };
		6BE4F0D12598883A00EDDAF7 /* SettingController.swift */ = {isa = PBXFileReference; fileEncoding = 4; lastKnownFileType = sourcecode.swift; path = SettingController.swift; sourceTree = "<group>"; };
		6BE4F0D32598883A00EDDAF7 /* AppData.swift */ = {isa = PBXFileReference; fileEncoding = 4; lastKnownFileType = sourcecode.swift; path = AppData.swift; sourceTree = "<group>"; };
		6BE4F0D52598883A00EDDAF7 /* FlipClockItem.swift */ = {isa = PBXFileReference; fileEncoding = 4; lastKnownFileType = sourcecode.swift; path = FlipClockItem.swift; sourceTree = "<group>"; };
		6BE4F0D62598883A00EDDAF7 /* ClockSecondSwitch.swift */ = {isa = PBXFileReference; fileEncoding = 4; lastKnownFileType = sourcecode.swift; path = ClockSecondSwitch.swift; sourceTree = "<group>"; };
		6BE4F0D72598883A00EDDAF7 /* BottomToolbarView.swift */ = {isa = PBXFileReference; fileEncoding = 4; lastKnownFileType = sourcecode.swift; path = BottomToolbarView.swift; sourceTree = "<group>"; };
		6BE4F0D82598883A00EDDAF7 /* FlipClockView.swift */ = {isa = PBXFileReference; fileEncoding = 4; lastKnownFileType = sourcecode.swift; path = FlipClockView.swift; sourceTree = "<group>"; };
		6BE4F0DB2598883A00EDDAF7 /* zh-Hans */ = {isa = PBXFileReference; lastKnownFileType = text.plist.strings; name = "zh-Hans"; path = "zh-Hans.lproj/Localizable.strings"; sourceTree = "<group>"; };
		6BE4F0DC2598883A00EDDAF7 /* en */ = {isa = PBXFileReference; lastKnownFileType = text.plist.strings; name = en; path = en.lproj/Localizable.strings; sourceTree = "<group>"; };
		6BE4F0DE2598883A00EDDAF7 /* LightTheme.swift */ = {isa = PBXFileReference; fileEncoding = 4; lastKnownFileType = sourcecode.swift; path = LightTheme.swift; sourceTree = "<group>"; };
		6BE4F0DF2598883A00EDDAF7 /* ThemeType.swift */ = {isa = PBXFileReference; fileEncoding = 4; lastKnownFileType = sourcecode.swift; path = ThemeType.swift; sourceTree = "<group>"; };
		6BE4F0E02598883A00EDDAF7 /* ThemeManager.swift */ = {isa = PBXFileReference; fileEncoding = 4; lastKnownFileType = sourcecode.swift; path = ThemeManager.swift; sourceTree = "<group>"; };
		6BE4F0E12598883A00EDDAF7 /* ThemeManagerProtocol.swift */ = {isa = PBXFileReference; fileEncoding = 4; lastKnownFileType = sourcecode.swift; path = ThemeManagerProtocol.swift; sourceTree = "<group>"; };
		6BE4F0E22598883A00EDDAF7 /* ThemeProtocol.swift */ = {isa = PBXFileReference; fileEncoding = 4; lastKnownFileType = sourcecode.swift; path = ThemeProtocol.swift; sourceTree = "<group>"; };
		6BE4F0E32598883A00EDDAF7 /* DarkTheme.swift */ = {isa = PBXFileReference; fileEncoding = 4; lastKnownFileType = sourcecode.swift; path = DarkTheme.swift; sourceTree = "<group>"; };
		6BE4F0E42598883A00EDDAF7 /* FlipClockLabel.swift */ = {isa = PBXFileReference; fileEncoding = 4; lastKnownFileType = sourcecode.swift; path = FlipClockLabel.swift; sourceTree = "<group>"; };
		6BE4F0E62598883A00EDDAF7 /* pointer.wav */ = {isa = PBXFileReference; lastKnownFileType = audio.wav; path = pointer.wav; sourceTree = "<group>"; };
		6BE4F0E72598883A00EDDAF7 /* dida.wav */ = {isa = PBXFileReference; lastKnownFileType = audio.wav; path = dida.wav; sourceTree = "<group>"; };
		6BE4F0E82598883A00EDDAF7 /* flip.wav */ = {isa = PBXFileReference; lastKnownFileType = audio.wav; path = flip.wav; sourceTree = "<group>"; };
		6BE4F0E92598883A00EDDAF7 /* digit.wav */ = {isa = PBXFileReference; lastKnownFileType = audio.wav; path = digit.wav; sourceTree = "<group>"; };
/* End PBXFileReference section */

/* Begin PBXFrameworksBuildPhase section */
		6B15C69820BC522A0032D040 /* Frameworks */ = {
			isa = PBXFrameworksBuildPhase;
			buildActionMask = 2147483647;
			files = (
			);
			runOnlyForDeploymentPostprocessing = 0;
		};
/* End PBXFrameworksBuildPhase section */

/* Begin PBXGroup section */
		6B15C69220BC522A0032D040 = {
			isa = PBXGroup;
			children = (
				6B15C69D20BC522A0032D040 /* FlipClock */,
				6B15C69C20BC522A0032D040 /* Products */,
			);
			sourceTree = "<group>";
		};
		6B15C69C20BC522A0032D040 /* Products */ = {
			isa = PBXGroup;
			children = (
				6B15C69B20BC522A0032D040 /* FlipClock.app */,
			);
			name = Products;
			sourceTree = "<group>";
		};
		6B15C69D20BC522A0032D040 /* FlipClock */ = {
			isa = PBXGroup;
			children = (
				6BE4F0C42598883A00EDDAF7 /* Source */,
				6B15C69E20BC522A0032D040 /* AppDelegate.swift */,
				6B15C6A020BC522A0032D040 /* ViewController.swift */,
				6B15C6A220BC522A0032D040 /* Main.storyboard */,
				6B15C6A520BC522A0032D040 /* Assets.xcassets */,
				6B15C6A720BC522A0032D040 /* LaunchScreen.storyboard */,
				6B15C6AA20BC522A0032D040 /* Info.plist */,
			);
			path = FlipClock;
			sourceTree = "<group>";
		};
		6BE4F0C42598883A00EDDAF7 /* Source */ = {
			isa = PBXGroup;
			children = (
				6BE4F0D42598883A00EDDAF7 /* FlipClockView */,
				6BE4F0C82598883A00EDDAF7 /* Controllers */,
				6BE4F0C52598883A00EDDAF7 /* Utils */,
				6BE4F0D22598883A00EDDAF7 /* Data */,
			);
			name = Source;
			path = ../../Source;
			sourceTree = "<group>";
		};
		6BE4F0C52598883A00EDDAF7 /* Utils */ = {
			isa = PBXGroup;
			children = (
				6BE4F0C62598883A00EDDAF7 /* SoundManager.swift */,
				6BE4F0C72598883A00EDDAF7 /* Common.swift */,
			);
			path = Utils;
			sourceTree = "<group>";
		};
		6BE4F0C82598883A00EDDAF7 /* Controllers */ = {
			isa = PBXGroup;
			children = (
				6BE4F0D12598883A00EDDAF7 /* SettingController.swift */,
				6BE4F0CF2598883A00EDDAF7 /* SettingController.storyboard */,
				6BE4F0CD2598883A00EDDAF7 /* DisplaySettingsTableVC.swift */,
				6BE4F0CA2598883A00EDDAF7 /* DisplaySettingsTableVC.storyboard */,
				6BE4F0CB2598883A00EDDAF7 /* SecToneTableVC.swift */,
				6BE4F0C92598883A00EDDAF7 /* SecToneTableVC.storyboard */,
				6BE4F0CC2598883A00EDDAF7 /* SecToneTableViewCell.swift */,
			);
			path = Controllers;
			sourceTree = "<group>";
		};
		6BE4F0D22598883A00EDDAF7 /* Data */ = {
			isa = PBXGroup;
			children = (
				6BE4F0D32598883A00EDDAF7 /* AppData.swift */,
			);
			path = Data;
			sourceTree = "<group>";
		};
		6BE4F0D42598883A00EDDAF7 /* FlipClockView */ = {
			isa = PBXGroup;
			children = (
				6BE4F0E52598883A00EDDAF7 /* Assets */,
				6BE4F0DD2598883A00EDDAF7 /* Theme */,
				6BE4F0D92598883A00EDDAF7 /* Localizations */,
				6BE4F0D82598883A00EDDAF7 /* FlipClockView.swift */,
				6BE4F0D52598883A00EDDAF7 /* FlipClockItem.swift */,
				6BE4F0E42598883A00EDDAF7 /* FlipClockLabel.swift */,
				6BE4F0D62598883A00EDDAF7 /* ClockSecondSwitch.swift */,
				6BE4F0D72598883A00EDDAF7 /* BottomToolbarView.swift */,
			);
			path = FlipClockView;
			sourceTree = "<group>";
		};
		6BE4F0D92598883A00EDDAF7 /* Localizations */ = {
			isa = PBXGroup;
			children = (
				6BE4F0DA2598883A00EDDAF7 /* Localizable.strings */,
			);
			path = Localizations;
			sourceTree = "<group>";
		};
		6BE4F0DD2598883A00EDDAF7 /* Theme */ = {
			isa = PBXGroup;
			children = (
				6BE4F0E12598883A00EDDAF7 /* ThemeManagerProtocol.swift */,
				6BE4F0E02598883A00EDDAF7 /* ThemeManager.swift */,
				6BE4F0E22598883A00EDDAF7 /* ThemeProtocol.swift */,
				6BE4F0DF2598883A00EDDAF7 /* ThemeType.swift */,
				6BE4F0DE2598883A00EDDAF7 /* LightTheme.swift */,
				6BE4F0E32598883A00EDDAF7 /* DarkTheme.swift */,
			);
			path = Theme;
			sourceTree = "<group>";
		};
		6BE4F0E52598883A00EDDAF7 /* Assets */ = {
			isa = PBXGroup;
			children = (
				6BE4F0E62598883A00EDDAF7 /* pointer.wav */,
				6BE4F0E72598883A00EDDAF7 /* dida.wav */,
				6BE4F0E82598883A00EDDAF7 /* flip.wav */,
				6BE4F0E92598883A00EDDAF7 /* digit.wav */,
			);
			path = Assets;
			sourceTree = "<group>";
		};
/* End PBXGroup section */

/* Begin PBXNativeTarget section */
		6B15C69A20BC522A0032D040 /* FlipClock */ = {
			isa = PBXNativeTarget;
			buildConfigurationList = 6B15C6AD20BC522A0032D040 /* Build configuration list for PBXNativeTarget "FlipClock" */;
			buildPhases = (
				6B15C69720BC522A0032D040 /* Sources */,
				6B15C69820BC522A0032D040 /* Frameworks */,
				6B15C69920BC522A0032D040 /* Resources */,
			);
			buildRules = (
			);
			dependencies = (
			);
			name = FlipClock;
			productName = FlipClock;
			productReference = 6B15C69B20BC522A0032D040 /* FlipClock.app */;
			productType = "com.apple.product-type.application";
		};
/* End PBXNativeTarget section */

/* Begin PBXProject section */
		6B15C69320BC522A0032D040 /* Project object */ = {
			isa = PBXProject;
			attributes = {
				LastSwiftUpdateCheck = 0920;
				LastUpgradeCheck = 1220;
				ORGANIZATIONNAME = "Liu Chuan";
				TargetAttributes = {
					6B15C69A20BC522A0032D040 = {
						CreatedOnToolsVersion = 9.2;
						LastSwiftMigration = 1020;
						ProvisioningStyle = Automatic;
					};
				};
			};
			buildConfigurationList = 6B15C69620BC522A0032D040 /* Build configuration list for PBXProject "FlipClock" */;
			compatibilityVersion = "Xcode 8.0";
			developmentRegion = en;
			hasScannedForEncodings = 0;
			knownRegions = (
				en,
				Base,
				"zh-Hans",
			);
			mainGroup = 6B15C69220BC522A0032D040;
			productRefGroup = 6B15C69C20BC522A0032D040 /* Products */;
			projectDirPath = "";
			projectRoot = "";
			targets = (
				6B15C69A20BC522A0032D040 /* FlipClock */,
			);
		};
/* End PBXProject section */

/* Begin PBXResourcesBuildPhase section */
		6B15C69920BC522A0032D040 /* Resources */ = {
			isa = PBXResourcesBuildPhase;
			buildActionMask = 2147483647;
			files = (
				6BE4F1032598883A00EDDAF7 /* dida.wav in Resources */,
				6B15C6A920BC522A0032D040 /* LaunchScreen.storyboard in Resources */,
				6B15C6A620BC522A0032D040 /* Assets.xcassets in Resources */,
				6BE4F1042598883A00EDDAF7 /* flip.wav in Resources */,
				6BE4F0F22598883A00EDDAF7 /* SettingController.storyboard in Resources */,
				6BE4F0EC2598883A00EDDAF7 /* SecToneTableVC.storyboard in Resources */,
				6BE4F0FA2598883A00EDDAF7 /* Localizable.strings in Resources */,
				6BE4F0ED2598883A00EDDAF7 /* DisplaySettingsTableVC.storyboard in Resources */,
				6B15C6A420BC522A0032D040 /* Main.storyboard in Resources */,
				6BE4F1052598883A00EDDAF7 /* digit.wav in Resources */,
				6BE4F1022598883A00EDDAF7 /* pointer.wav in Resources */,
			);
			runOnlyForDeploymentPostprocessing = 0;
		};
/* End PBXResourcesBuildPhase section */

/* Begin PBXSourcesBuildPhase section */
		6B15C69720BC522A0032D040 /* Sources */ = {
			isa = PBXSourcesBuildPhase;
			buildActionMask = 2147483647;
			files = (
				6BE4F0F92598883A00EDDAF7 /* FlipClockView.swift in Sources */,
				6BE4F0F72598883A00EDDAF7 /* ClockSecondSwitch.swift in Sources */,
				6BE4F0F42598883A00EDDAF7 /* SettingController.swift in Sources */,
				6BE4F0FF2598883A00EDDAF7 /* ThemeProtocol.swift in Sources */,
				6BE4F0EB2598883A00EDDAF7 /* Common.swift in Sources */,
				6BE4F0FB2598883A00EDDAF7 /* LightTheme.swift in Sources */,
				6BE4F0EE2598883A00EDDAF7 /* SecToneTableVC.swift in Sources */,
				6B15C6A120BC522A0032D040 /* ViewController.swift in Sources */,
				6BE4F0EF2598883A00EDDAF7 /* SecToneTableViewCell.swift in Sources */,
				6BE4F0F02598883A00EDDAF7 /* DisplaySettingsTableVC.swift in Sources */,
				6BE4F0FD2598883A00EDDAF7 /* ThemeManager.swift in Sources */,
				6B15C69F20BC522A0032D040 /* AppDelegate.swift in Sources */,
				6BE4F1012598883A00EDDAF7 /* FlipClockLabel.swift in Sources */,
				6BE4F0F82598883A00EDDAF7 /* BottomToolbarView.swift in Sources */,
				6BE4F0EA2598883A00EDDAF7 /* SoundManager.swift in Sources */,
				6BE4F1002598883A00EDDAF7 /* DarkTheme.swift in Sources */,
				6BE4F0F52598883A00EDDAF7 /* AppData.swift in Sources */,
				6BE4F0F62598883A00EDDAF7 /* FlipClockItem.swift in Sources */,
				6BE4F0FC2598883A00EDDAF7 /* ThemeType.swift in Sources */,
				6BE4F0FE2598883A00EDDAF7 /* ThemeManagerProtocol.swift in Sources */,
			);
			runOnlyForDeploymentPostprocessing = 0;
		};
/* End PBXSourcesBuildPhase section */

/* Begin PBXVariantGroup section */
		6B15C6A220BC522A0032D040 /* Main.storyboard */ = {
			isa = PBXVariantGroup;
			children = (
				6B15C6A320BC522A0032D040 /* Base */,
			);
			name = Main.storyboard;
			sourceTree = "<group>";
		};
		6B15C6A720BC522A0032D040 /* LaunchScreen.storyboard */ = {
			isa = PBXVariantGroup;
			children = (
				6B15C6A820BC522A0032D040 /* Base */,
			);
			name = LaunchScreen.storyboard;
			sourceTree = "<group>";
		};
		6BE4F0DA2598883A00EDDAF7 /* Localizable.strings */ = {
			isa = PBXVariantGroup;
			children = (
				6BE4F0DB2598883A00EDDAF7 /* zh-Hans */,
				6BE4F0DC2598883A00EDDAF7 /* en */,
			);
			name = Localizable.strings;
			sourceTree = "<group>";
		};
/* End PBXVariantGroup section */

/* Begin XCBuildConfiguration section */
		6B15C6AB20BC522A0032D040 /* Debug */ = {
			isa = XCBuildConfiguration;
			buildSettings = {
				ALWAYS_SEARCH_USER_PATHS = NO;
				CLANG_ANALYZER_LOCALIZABILITY_NONLOCALIZED = YES;
				CLANG_ANALYZER_NONNULL = YES;
				CLANG_ANALYZER_NUMBER_OBJECT_CONVERSION = YES_AGGRESSIVE;
				CLANG_CXX_LANGUAGE_STANDARD = "gnu++14";
				CLANG_CXX_LIBRARY = "libc++";
				CLANG_ENABLE_MODULES = YES;
				CLANG_ENABLE_OBJC_ARC = YES;
				CLANG_WARN_BLOCK_CAPTURE_AUTORELEASING = YES;
				CLANG_WARN_BOOL_CONVERSION = YES;
				CLANG_WARN_COMMA = YES;
				CLANG_WARN_CONSTANT_CONVERSION = YES;
				CLANG_WARN_DEPRECATED_OBJC_IMPLEMENTATIONS = YES;
				CLANG_WARN_DIRECT_OBJC_ISA_USAGE = YES_ERROR;
				CLANG_WARN_DOCUMENTATION_COMMENTS = YES;
				CLANG_WARN_EMPTY_BODY = YES;
				CLANG_WARN_ENUM_CONVERSION = YES;
				CLANG_WARN_INFINITE_RECURSION = YES;
				CLANG_WARN_INT_CONVERSION = YES;
				CLANG_WARN_NON_LITERAL_NULL_CONVERSION = YES;
				CLANG_WARN_OBJC_IMPLICIT_RETAIN_SELF = YES;
				CLANG_WARN_OBJC_LITERAL_CONVERSION = YES;
				CLANG_WARN_OBJC_ROOT_CLASS = YES_ERROR;
				CLANG_WARN_QUOTED_INCLUDE_IN_FRAMEWORK_HEADER = YES;
				CLANG_WARN_RANGE_LOOP_ANALYSIS = YES;
				CLANG_WARN_STRICT_PROTOTYPES = YES;
				CLANG_WARN_SUSPICIOUS_MOVE = YES;
				CLANG_WARN_UNGUARDED_AVAILABILITY = YES_AGGRESSIVE;
				CLANG_WARN_UNREACHABLE_CODE = YES;
				CLANG_WARN__DUPLICATE_METHOD_MATCH = YES;
				CODE_SIGN_IDENTITY = "iPhone Developer";
				COPY_PHASE_STRIP = NO;
				DEBUG_INFORMATION_FORMAT = dwarf;
				ENABLE_STRICT_OBJC_MSGSEND = YES;
				ENABLE_TESTABILITY = YES;
				GCC_C_LANGUAGE_STANDARD = gnu11;
				GCC_DYNAMIC_NO_PIC = NO;
				GCC_NO_COMMON_BLOCKS = YES;
				GCC_OPTIMIZATION_LEVEL = 0;
				GCC_PREPROCESSOR_DEFINITIONS = (
					"DEBUG=1",
					"$(inherited)",
				);
				GCC_WARN_64_TO_32_BIT_CONVERSION = YES;
				GCC_WARN_ABOUT_RETURN_TYPE = YES_ERROR;
				GCC_WARN_UNDECLARED_SELECTOR = YES;
				GCC_WARN_UNINITIALIZED_AUTOS = YES_AGGRESSIVE;
				GCC_WARN_UNUSED_FUNCTION = YES;
				GCC_WARN_UNUSED_VARIABLE = YES;
				IPHONEOS_DEPLOYMENT_TARGET = 14.0;
				MTL_ENABLE_DEBUG_INFO = YES;
				ONLY_ACTIVE_ARCH = YES;
				SDKROOT = iphoneos;
				SWIFT_ACTIVE_COMPILATION_CONDITIONS = DEBUG;
				SWIFT_OPTIMIZATION_LEVEL = "-Onone";
				SWIFT_VERSION = 5.0;
			};
			name = Debug;
		};
		6B15C6AC20BC522A0032D040 /* Release */ = {
			isa = XCBuildConfiguration;
			buildSettings = {
				ALWAYS_SEARCH_USER_PATHS = NO;
				CLANG_ANALYZER_LOCALIZABILITY_NONLOCALIZED = YES;
				CLANG_ANALYZER_NONNULL = YES;
				CLANG_ANALYZER_NUMBER_OBJECT_CONVERSION = YES_AGGRESSIVE;
				CLANG_CXX_LANGUAGE_STANDARD = "gnu++14";
				CLANG_CXX_LIBRARY = "libc++";
				CLANG_ENABLE_MODULES = YES;
				CLANG_ENABLE_OBJC_ARC = YES;
				CLANG_WARN_BLOCK_CAPTURE_AUTORELEASING = YES;
				CLANG_WARN_BOOL_CONVERSION = YES;
				CLANG_WARN_COMMA = YES;
				CLANG_WARN_CONSTANT_CONVERSION = YES;
				CLANG_WARN_DEPRECATED_OBJC_IMPLEMENTATIONS = YES;
				CLANG_WARN_DIRECT_OBJC_ISA_USAGE = YES_ERROR;
				CLANG_WARN_DOCUMENTATION_COMMENTS = YES;
				CLANG_WARN_EMPTY_BODY = YES;
				CLANG_WARN_ENUM_CONVERSION = YES;
				CLANG_WARN_INFINITE_RECURSION = YES;
				CLANG_WARN_INT_CONVERSION = YES;
				CLANG_WARN_NON_LITERAL_NULL_CONVERSION = YES;
				CLANG_WARN_OBJC_IMPLICIT_RETAIN_SELF = YES;
				CLANG_WARN_OBJC_LITERAL_CONVERSION = YES;
				CLANG_WARN_OBJC_ROOT_CLASS = YES_ERROR;
				CLANG_WARN_QUOTED_INCLUDE_IN_FRAMEWORK_HEADER = YES;
				CLANG_WARN_RANGE_LOOP_ANALYSIS = YES;
				CLANG_WARN_STRICT_PROTOTYPES = YES;
				CLANG_WARN_SUSPICIOUS_MOVE = YES;
				CLANG_WARN_UNGUARDED_AVAILABILITY = YES_AGGRESSIVE;
				CLANG_WARN_UNREACHABLE_CODE = YES;
				CLANG_WARN__DUPLICATE_METHOD_MATCH = YES;
				CODE_SIGN_IDENTITY = "iPhone Developer";
				COPY_PHASE_STRIP = NO;
				DEBUG_INFORMATION_FORMAT = "dwarf-with-dsym";
				ENABLE_NS_ASSERTIONS = NO;
				ENABLE_STRICT_OBJC_MSGSEND = YES;
				GCC_C_LANGUAGE_STANDARD = gnu11;
				GCC_NO_COMMON_BLOCKS = YES;
				GCC_WARN_64_TO_32_BIT_CONVERSION = YES;
				GCC_WARN_ABOUT_RETURN_TYPE = YES_ERROR;
				GCC_WARN_UNDECLARED_SELECTOR = YES;
				GCC_WARN_UNINITIALIZED_AUTOS = YES_AGGRESSIVE;
				GCC_WARN_UNUSED_FUNCTION = YES;
				GCC_WARN_UNUSED_VARIABLE = YES;
				IPHONEOS_DEPLOYMENT_TARGET = 14.0;
				MTL_ENABLE_DEBUG_INFO = NO;
				SDKROOT = iphoneos;
				SWIFT_OPTIMIZATION_LEVEL = "-Owholemodule";
				SWIFT_VERSION = 5.0;
				VALIDATE_PRODUCT = YES;
			};
			name = Release;
		};
		6B15C6AE20BC522A0032D040 /* Debug */ = {
			isa = XCBuildConfiguration;
			buildSettings = {
				ASSETCATALOG_COMPILER_APPICON_NAME = AppIcon;
				CODE_SIGN_STYLE = Automatic;
				DEVELOPMENT_TEAM = "";
				INFOPLIST_FILE = FlipClock/Info.plist;
				LD_RUNPATH_SEARCH_PATHS = "$(inherited) @executable_path/Frameworks";
				PRODUCT_BUNDLE_IDENTIFIER = com.DevLiuSir.FlipClock;
				PRODUCT_NAME = "$(TARGET_NAME)";
				SWIFT_VERSION = 5.0;
				TARGETED_DEVICE_FAMILY = "1,2";
			};
			name = Debug;
		};
		6B15C6AF20BC522A0032D040 /* Release */ = {
			isa = XCBuildConfiguration;
			buildSettings = {
				ASSETCATALOG_COMPILER_APPICON_NAME = AppIcon;
				CODE_SIGN_STYLE = Automatic;
				DEVELOPMENT_TEAM = "";
				INFOPLIST_FILE = FlipClock/Info.plist;
				LD_RUNPATH_SEARCH_PATHS = "$(inherited) @executable_path/Frameworks";
				PRODUCT_BUNDLE_IDENTIFIER = com.DevLiuSir.FlipClock;
				PRODUCT_NAME = "$(TARGET_NAME)";
				SWIFT_VERSION = 5.0;
				TARGETED_DEVICE_FAMILY = "1,2";
			};
			name = Release;
		};
/* End XCBuildConfiguration section */

/* Begin XCConfigurationList section */
		6B15C69620BC522A0032D040 /* Build configuration list for PBXProject "FlipClock" */ = {
			isa = XCConfigurationList;
			buildConfigurations = (
				6B15C6AB20BC522A0032D040 /* Debug */,
				6B15C6AC20BC522A0032D040 /* Release */,
			);
			defaultConfigurationIsVisible = 0;
			defaultConfigurationName = Release;
		};
		6B15C6AD20BC522A0032D040 /* Build configuration list for PBXNativeTarget "FlipClock" */ = {
			isa = XCConfigurationList;
			buildConfigurations = (
				6B15C6AE20BC522A0032D040 /* Debug */,
				6B15C6AF20BC522A0032D040 /* Release */,
			);
			defaultConfigurationIsVisible = 0;
			defaultConfigurationName = Release;
		};
/* End XCConfigurationList section */
	};
	rootObject = 6B15C69320BC522A0032D040 /* Project object */;
}
